{
  "nodes": {
    "devshell": {
      "locked": {
        "lastModified": 1634850494,
        "narHash": "sha256-8bD1CgAJovKjb88I9F/Lxa2Q9VdZBEJYX5rUqHHbaP4=",
        "owner": "numtide",
        "repo": "devshell",
        "rev": "d36e4ba27668f1620a5adebf5e0c724213a0f157",
        "type": "github"
      },
      "original": {
        "owner": "numtide",
        "repo": "devshell",
        "type": "github"
      }
    },
    "fenix": {
      "inputs": {
        "nixpkgs": [
          "nixpkgs"
        ],
        "rust-analyzer-src": "rust-analyzer-src"
      },
      "locked": {
        "lastModified": 1635056590,
        "narHash": "sha256-JEdGR/hy5u++X0S9MYrauX7zpUOjEaB+Nu1goYxH9R4=",
        "owner": "nix-community",
        "repo": "fenix",
        "rev": "e837dcb6738d16da0b17eb4d377d8331aab84dc9",
        "type": "github"
      },
      "original": {
        "owner": "nix-community",
        "repo": "fenix",
        "type": "github"
      }
    },
    "flake-utils": {
      "locked": {
        "lastModified": 1634851050,
        "narHash": "sha256-N83GlSGPJJdcqhUxSCS/WwW5pksYf3VP1M13cDRTSVA=",
        "owner": "numtide",
        "repo": "flake-utils",
        "rev": "c91f3de5adaf1de973b797ef7485e441a65b8935",
        "type": "github"
      },
      "original": {
        "owner": "numtide",
        "repo": "flake-utils",
        "type": "github"
      }
    },
    "naersk": {
      "inputs": {
        "nixpkgs": "nixpkgs"
      },
      "locked": {
        "lastModified": 1632266297,
        "narHash": "sha256-J1yeJk6Gud9ef2pEf6aKQemrfg1pVngYDSh+SAY94xk=",
        "owner": "nmattia",
        "repo": "naersk",
        "rev": "ee7edec50b49ab6d69b06d62f1de554efccb1ccd",
        "type": "github"
      },
      "original": {
        "owner": "nmattia",
        "repo": "naersk",
        "type": "github"
      }
    },
    "nixpkgs": {
      "locked": {
        "lastModified": 1635062397,
        "narHash": "sha256-szY5Oskdicx4A3Zj7wPPhjibKl6sIuccVPlNqaKtXO8=",
        "owner": "NixOS",
        "repo": "nixpkgs",
        "rev": "0398f79c295cb3c267952121a63f0a02b44f713d",
        "type": "github"
      },
      "original": {
        "id": "nixpkgs",
        "type": "indirect"
      }
    },
    "nixpkgs_2": {
      "locked": {
        "lastModified": 1635040645,
        "narHash": "sha256-03rjG21EQKIPS804/EQrwb42WqdwHAPHYn6lsa695LQ=",
        "owner": "nixos",
        "repo": "nixpkgs",
        "rev": "ce24ebd3dcd557d87f115283180051d4af0e7f6e",
        "type": "github"
      },
      "original": {
        "owner": "nixos",
        "ref": "nixpkgs-unstable",
        "repo": "nixpkgs",
        "type": "github"
      }
    },
    "root": {
      "inputs": {
        "devshell": "devshell",
        "fenix": "fenix",
        "flake-utils": "flake-utils",
        "naersk": "naersk",
        "nixpkgs": "nixpkgs_2",
        "sad-src": "sad-src"
      }
    },
    "rust-analyzer-src": {
      "flake": false,
      "locked": {
        "lastModified": 1634995832,
        "narHash": "sha256-9j9UzrimhoeyU2RJVs+TR53wyL67UjMgUb1e+jMNL5g=",
        "owner": "rust-analyzer",
        "repo": "rust-analyzer",
        "rev": "9d33d05d85456c855b88a8bdf4ab44d97e32bd4a",
        "type": "github"
      },
      "original": {
        "owner": "rust-analyzer",
        "ref": "nightly",
        "repo": "rust-analyzer",
        "type": "github"
      }
    },
    "sad-src": {
      "flake": false,
      "locked": {
        "lastModified": 1635035524,
        "narHash": "sha256-Jd9Iu0LflacVPXbYh+fer2dR4YI/vHr0sarFjs+seQY=",
        "owner": "ms-jpq",
        "repo": "sad",
        "rev": "b324b2d76201af0e8ee499c654a1356a023053bb",
        "type": "github"
      },
      "original": {
        "owner": "ms-jpq",
        "repo": "sad",
        "type": "github"
      }
    }
  },
  "root": "root",
  "version": 7
}
